
Microsoft Visual Studio Solution File, Format Version 12.00
# Visual Studio Version 16
VisualStudioVersion = 16.0.28803.352
MinimumVisualStudioVersion = 10.0.40219.1
Project("{FAE04EC0-301F-11D3-BF4B-00C04F79EFBC}") = "DemoTcpServer", "DemoTcpServer\DemoTcpServer.csproj", "{17DB7FFE-7438-424B-BE39-7223D357BA98}"
EndProject
Project("{8BC9CEB8-8B4A-11D0-8D11-00A0C91BC942}") = "DemoTcpClient", "DemoTcpClient\DemoTcpClient.vcxproj", "{C452D19A-18BB-4010-8275-2927B10ED3F8}"
EndProject
Global
	GlobalSection(SolutionConfigurationPlatforms) = preSolution
		Debug|Any CPU = Debug|Any CPU
		Debug|x64 = Debug|x64
		Debug|x86 = Debug|x86
		Release|Any CPU = Release|Any CPU
		Release|x64 = Release|x64
		Release|x86 = Release|x86
	EndGlobalSection
	GlobalSection(ProjectConfigurationPlatforms) = postSolution
		{17DB7FFE-7438-424B-BE39-7223D357BA98}.Debug|Any CPU.ActiveCfg = Debug|Any CPU
		{17DB7FFE-7438-424B-BE39-7223D357BA98}.Debug|Any CPU.Build.0 = Debug|Any CPU
		{17DB7FFE-7438-424B-BE39-7223D357BA98}.Debug|x64.ActiveCfg = Debug|Any CPU
		{17DB7FFE-7438-424B-BE39-7223D357BA98}.Debug|x64.Build.0 = Debug|Any CPU
		{17DB7FFE-7438-424B-BE39-7223D357BA98}.Debug|x86.ActiveCfg = Debug|Any CPU
		{17DB7FFE-7438-424B-BE39-7223D357BA98}.Debug|x86.Build.0 = Debug|Any CPU
		{17DB7FFE-7438-424B-BE39-7223D357BA98}.Release|Any CPU.ActiveCfg = Release|Any CPU
		{17DB7FFE-7438-424B-BE39-7223D357BA98}.Release|Any CPU.Build.0 = Release|Any CPU
		{17DB7FFE-7438-424B-BE39-7223D357BA98}.Release|x64.ActiveCfg = Release|Any CPU
		{17DB7FFE-7438-424B-BE39-7223D357BA98}.Release|x64.Build.0 = Release|Any CPU
		{17DB7FFE-7438-424B-BE39-7223D357BA98}.Release|x86.ActiveCfg = Release|Any CPU
		{17DB7FFE-7438-424B-BE39-7223D357BA98}.Release|x86.Build.0 = Release|Any CPU
		{C452D19A-18BB-4010-8275-2927B10ED3F8}.Debug|Any CPU.ActiveCfg = Debug|Win32
		{C452D19A-18BB-4010-8275-2927B10ED3F8}.Debug|Any CPU.Build.0 = Debug|Win32
		{C452D19A-18BB-4010-8275-2927B10ED3F8}.Debug|x64.ActiveCfg = Debug|x64
		{C452D19A-18BB-4010-8275-2927B10ED3F8}.Debug|x64.Build.0 = Debug|x64
		{C452D19A-18BB-4010-8275-2927B10ED3F8}.Debug|x86.ActiveCfg = Debug|Win32
		{C452D19A-18BB-4010-8275-2927B10ED3F8}.Debug|x86.Build.0 = Debug|Win32
		{C452D19A-18BB-4010-8275-2927B10ED3F8}.Release|Any CPU.ActiveCfg = Release|Win32
		{C452D19A-18BB-4010-8275-2927B10ED3F8}.Release|x64.ActiveCfg = Release|x64
		{C452D19A-18BB-4010-8275-2927B10ED3F8}.Release|x64.Build.0 = Release|x64
		{C452D19A-18BB-4010-8275-2927B10ED3F8}.Release|x86.ActiveCfg = Release|Win32
		{C452D19A-18BB-4010-8275-2927B10ED3F8}.Release|x86.Build.0 = Release|Win32
	EndGlobalSection
	GlobalSection(SolutionProperties) = preSolution
		HideSolutionNode = FALSE
	EndGlobalSection
	GlobalSection(ExtensibilityGlobals) = postSolution
		SolutionGuid = {364F756E-F5AF-44CF-B8B8-B78139D85AE3}
	EndGlobalSection
EndGlobal
